// !$*UTF8*$!
{
	archiveVersion = 1;
	classes = {
	};
	objectVersion = 77;
	objects = {

/* Begin PBXContainerItemProxy section */
		899A378D2DCB1F48005588FF /* PBXContainerItemProxy */ = {
			isa = PBXContainerItemProxy;
			containerPortal = 899A37742DCB1F46005588FF /* Project object */;
			proxyType = 1;
			remoteGlobalIDString = 899A377B2DCB1F46005588FF;
			remoteInfo = chessmoveextractorc;
		};
		899A37972DCB1F48005588FF /* PBXContainerItemProxy */ = {
			isa = PBXContainerItemProxy;
			containerPortal = 899A37742DCB1F46005588FF /* Project object */;
			proxyType = 1;
			remoteGlobalIDString = 899A377B2DCB1F46005588FF;
			remoteInfo = chessmoveextractorc;
		};
/* End PBXContainerItemProxy section */

/* Begin PBXFileReference section */
		899A377C2DCB1F46005588FF /* chessmoveextractorc.app */ = {isa = PBXFileReference; explicitFileType = wrapper.application; includeInIndex = 0; path = chessmoveextractorc.app; sourceTree = BUILT_PRODUCTS_DIR; };
		899A378C2DCB1F48005588FF /* chessmoveextractorcTests.xctest */ = {isa = PBXFileReference; explicitFileType = wrapper.cfbundle; includeInIndex = 0; path = chessmoveextractorcTests.xctest; sourceTree = BUILT_PRODUCTS_DIR; };
		899A37962DCB1F48005588FF /* chessmoveextractorcUITests.xctest */ = {isa = PBXFileReference; explicitFileType = wrapper.cfbundle; includeInIndex = 0; path = chessmoveextractorcUITests.xctest; sourceTree = BUILT_PRODUCTS_DIR; };
/* End PBXFileReference section */

/* Begin PBXFileSystemSynchronizedBuildFileExceptionSet section */
		896A0CCA2DCC8610006966B1 /* Exceptions for "chessmoveextractorc" folder in "chessmoveextractorc" target */ = {
			isa = PBXFileSystemSynchronizedBuildFileExceptionSet;
			membershipExceptions = (
				Info.plist,
			);
			target = 899A377B2DCB1F46005588FF /* chessmoveextractorc */;
		};
/* End PBXFileSystemSynchronizedBuildFileExceptionSet section */

/* Begin PBXFileSystemSynchronizedRootGroup section */
		899A377E2DCB1F46005588FF /* chessmoveextractorc */ = {
			isa = PBXFileSystemSynchronizedRootGroup;
			exceptions = (
				896A0CCA2DCC8610006966B1 /* Exceptions for "chessmoveextractorc" folder in "chessmoveextractorc" target */,
			);
			path = chessmoveextractorc;
			sourceTree = "<group>";
		};
		899A378F2DCB1F48005588FF /* chessmoveextractorcTests */ = {
			isa = PBXFileSystemSynchronizedRootGroup;
			path = chessmoveextractorcTests;
			sourceTree = "<group>";
		};
		899A37992DCB1F48005588FF /* chessmoveextractorcUITests */ = {
			isa = PBXFileSystemSynchronizedRootGroup;
			path = chessmoveextractorcUITests;
			sourceTree = "<group>";
		};
/* End PBXFileSystemSynchronizedRootGroup section */

/* Begin PBXFrameworksBuildPhase section */
		899A37792DCB1F46005588FF /* Frameworks */ = {
			isa = PBXFrameworksBuildPhase;
			buildActionMask = 2147483647;
			files = (
			);
			runOnlyForDeploymentPostprocessing = 0;
		};
		899A37892DCB1F48005588FF /* Frameworks */ = {
			isa = PBXFrameworksBuildPhase;
			buildActionMask = 2147483647;
			files = (
			);
			runOnlyForDeploymentPostprocessing = 0;
		};
		899A37932DCB1F48005588FF /* Frameworks */ = {
			isa = PBXFrameworksBuildPhase;
			buildActionMask = 2147483647;
			files = (
			);
			runOnlyForDeploymentPostprocessing = 0;
		};
/* End PBXFrameworksBuildPhase section */

/* Begin PBXGroup section */
		899A37732DCB1F46005588FF = {
			isa = PBXGroup;
			children = (
				899A377E2DCB1F46005588FF /* chessmoveextractorc */,
				899A378F2DCB1F48005588FF /* chessmoveextractorcTests */,
				899A37992DCB1F48005588FF /* chessmoveextractorcUITests */,
				899A377D2DCB1F46005588FF /* Products */,
			);
			sourceTree = "<group>";
		};
		899A377D2DCB1F46005588FF /* Products */ = {
			isa = PBXGroup;
			children = (
				899A377C2DCB1F46005588FF /* chessmoveextractorc.app */,
				899A378C2DCB1F48005588FF /* chessmoveextractorcTests.xctest */,
				899A37962DCB1F48005588FF /* chessmoveextractorcUITests.xctest */,
			);
			name = Products;
			sourceTree = "<group>";
		};
/* End PBXGroup section */

/* Begin PBXNativeTarget section */
		899A377B2DCB1F46005588FF /* chessmoveextractorc */ = {
			isa = PBXNativeTarget;
			buildConfigurationList = 899A37A02DCB1F48005588FF /* Build configuration list for PBXNativeTarget "chessmoveextractorc" */;
			buildPhases = (
				899A37782DCB1F46005588FF /* Sources */,
				899A37792DCB1F46005588FF /* Frameworks */,
				899A377A2DCB1F46005588FF /* Resources */,
			);
			buildRules = (
			);
			dependencies = (
			);
			fileSystemSynchronizedGroups = (
				899A377E2DCB1F46005588FF /* chessmoveextractorc */,
			);
			name = chessmoveextractorc;
			packageProductDependencies = (
			);
			productName = chessmoveextractorc;
			productReference = 899A377C2DCB1F46005588FF /* chessmoveextractorc.app */;
			productType = "com.apple.product-type.application";
		};
		899A378B2DCB1F48005588FF /* chessmoveextractorcTests */ = {
			isa = PBXNativeTarget;
			buildConfigurationList = 899A37A32DCB1F48005588FF /* Build configuration list for PBXNativeTarget "chessmoveextractorcTests" */;
			buildPhases = (
				899A37882DCB1F48005588FF /* Sources */,
				899A37892DCB1F48005588FF /* Frameworks */,
				899A378A2DCB1F48005588FF /* Resources */,
			);
			buildRules = (
			);
			dependencies = (
				899A378E2DCB1F48005588FF /* PBXTargetDependency */,
			);
			fileSystemSynchronizedGroups = (
				899A378F2DCB1F48005588FF /* chessmoveextractorcTests */,
			);
			name = chessmoveextractorcTests;
			packageProductDependencies = (
			);
			productName = chessmoveextractorcTests;
			productReference = 899A378C2DCB1F48005588FF /* chessmoveextractorcTests.xctest */;
			productType = "com.apple.product-type.bundle.unit-test";
		};
		899A37952DCB1F48005588FF /* chessmoveextractorcUITests */ = {
			isa = PBXNativeTarget;
			buildConfigurationList = 899A37A62DCB1F48005588FF /* Build configuration list for PBXNativeTarget "chessmoveextractorcUITests" */;
			buildPhases = (
				899A37922DCB1F48005588FF /* Sources */,
				899A37932DCB1F48005588FF /* Frameworks */,
				899A37942DCB1F48005588FF /* Resources */,
			);
			buildRules = (
			);
			dependencies = (
				899A37982DCB1F48005588FF /* PBXTargetDependency */,
			);
			fileSystemSynchronizedGroups = (
				899A37992DCB1F48005588FF /* chessmoveextractorcUITests */,
			);
			name = chessmoveextractorcUITests;
			packageProductDependencies = (
			);
			productName = chessmoveextractorcUITests;
			productReference = 899A37962DCB1F48005588FF /* chessmoveextractorcUITests.xctest */;
			productType = "com.apple.product-type.bundle.ui-testing";
		};
/* End PBXNativeTarget section */

/* Begin PBXProject section */
		899A37742DCB1F46005588FF /* Project object */ = {
			isa = PBXProject;
			attributes = {
				BuildIndependentTargetsInParallel = 1;
				LastSwiftUpdateCheck = 1620;
				LastUpgradeCheck = 1620;
				TargetAttributes = {
					899A377B2DCB1F46005588FF = {
						CreatedOnToolsVersion = 16.2;
					};
					899A378B2DCB1F48005588FF = {
						CreatedOnToolsVersion = 16.2;
						TestTargetID = 899A377B2DCB1F46005588FF;
					};
					899A37952DCB1F48005588FF = {
						CreatedOnToolsVersion = 16.2;
						TestTargetID = 899A377B2DCB1F46005588FF;
					};
				};
			};
			buildConfigurationList = 899A37772DCB1F46005588FF /* Build configuration list for PBXProject "chessmoveextractorc" */;
			developmentRegion = en;
			hasScannedForEncodings = 0;
			knownRegions = (
				en,
				Base,
			);
			mainGroup = 899A37732DCB1F46005588FF;
			minimizedProjectReferenceProxies = 1;
			preferredProjectObjectVersion = 77;
			productRefGroup = 899A377D2DCB1F46005588FF /* Products */;
			projectDirPath = "";
			projectRoot = "";
			targets = (
				899A377B2DCB1F46005588FF /* chessmoveextractorc */,
				899A378B2DCB1F48005588FF /* chessmoveextractorcTests */,
				899A37952DCB1F48005588FF /* chessmoveextractorcUITests */,
			);
		};
/* End PBXProject section */

/* Begin PBXResourcesBuildPhase section */
		899A377A2DCB1F46005588FF /* Resources */ = {
			isa = PBXResourcesBuildPhase;
			buildActionMask = 2147483647;
			files = (
			);
			runOnlyForDeploymentPostprocessing = 0;
		};
		899A378A2DCB1F48005588FF /* Resources */ = {
			isa = PBXResourcesBuildPhase;
			buildActionMask = 2147483647;
			files = (
			);
			runOnlyForDeploymentPostprocessing = 0;
		};
		899A37942DCB1F48005588FF /* Resources */ = {
			isa = PBXResourcesBuildPhase;
			buildActionMask = 2147483647;
			files = (
			);
			runOnlyForDeploymentPostprocessing = 0;
		};
/* End PBXResourcesBuildPhase section */

/* Begin PBXSourcesBuildPhase section */
		899A37782DCB1F46005588FF /* Sources */ = {
			isa = PBXSourcesBuildPhase;
			buildActionMask = 2147483647;
			files = (
			);
			runOnlyForDeploymentPostprocessing = 0;
		};
		899A37882DCB1F48005588FF /* Sources */ = {
			isa = PBXSourcesBuildPhase;
			buildActionMask = 2147483647;
			files = (
			);
			runOnlyForDeploymentPostprocessing = 0;
		};
		899A37922DCB1F48005588FF /* Sources */ = {
			isa = PBXSourcesBuildPhase;
			buildActionMask = 2147483647;
			files = (
			);
			runOnlyForDeploymentPostprocessing = 0;
		};
/* End PBXSourcesBuildPhase section */

/* Begin PBXTargetDependency section */
		899A378E2DCB1F48005588FF /* PBXTargetDependency */ = {
			isa = PBXTargetDependency;
			target = 899A377B2DCB1F46005588FF /* chessmoveextractorc */;
			targetProxy = 899A378D2DCB1F48005588FF /* PBXContainerItemProxy */;
		};
		899A37982DCB1F48005588FF /* PBXTargetDependency */ = {
			isa = PBXTargetDependency;
			target = 899A377B2DCB1F46005588FF /* chessmoveextractorc */;
			targetProxy = 899A37972DCB1F48005588FF /* PBXContainerItemProxy */;
		};
/* End PBXTargetDependency section */

/* Begin XCBuildConfiguration section */
		899A379E2DCB1F48005588FF /* Debug */ = {
			isa = XCBuildConfiguration;
			buildSettings = {
				ALWAYS_SEARCH_USER_PATHS = NO;
				ASSETCATALOG_COMPILER_GENERATE_SWIFT_ASSET_SYMBOL_EXTENSIONS = YES;
				CLANG_ANALYZER_NONNULL = YES;
				CLANG_ANALYZER_NUMBER_OBJECT_CONVERSION = YES_AGGRESSIVE;
				CLANG_CXX_LANGUAGE_STANDARD = "gnu++20";
				CLANG_ENABLE_MODULES = YES;
				CLANG_ENABLE_OBJC_ARC = YES;
				CLANG_ENABLE_OBJC_WEAK = YES;
				CLANG_WARN_BLOCK_CAPTURE_AUTORELEASING = YES;
				CLANG_WARN_BOOL_CONVERSION = YES;
				CLANG_WARN_COMMA = YES;
				CLANG_WARN_CONSTANT_CONVERSION = YES;
				CLANG_WARN_DEPRECATED_OBJC_IMPLEMENTATIONS = YES;
				CLANG_WARN_DIRECT_OBJC_ISA_USAGE = YES_ERROR;
				CLANG_WARN_DOCUMENTATION_COMMENTS = YES;
				CLANG_WARN_EMPTY_BODY = YES;
				CLANG_WARN_ENUM_CONVERSION = YES;
				CLANG_WARN_INFINITE_RECURSION = YES;
				CLANG_WARN_INT_CONVERSION = YES;
				CLANG_WARN_NON_LITERAL_NULL_CONVERSION = YES;
				CLANG_WARN_OBJC_IMPLICIT_RETAIN_SELF = YES;
				CLANG_WARN_OBJC_LITERAL_CONVERSION = YES;
				CLANG_WARN_OBJC_ROOT_CLASS = YES_ERROR;
				CLANG_WARN_QUOTED_INCLUDE_IN_FRAMEWORK_HEADER = YES;
				CLANG_WARN_RANGE_LOOP_ANALYSIS = YES;
				CLANG_WARN_STRICT_PROTOTYPES = YES;
				CLANG_WARN_SUSPICIOUS_MOVE = YES;
				CLANG_WARN_UNGUARDED_AVAILABILITY = YES_AGGRESSIVE;
				CLANG_WARN_UNREACHABLE_CODE = YES;
				CLANG_WARN__DUPLICATE_METHOD_MATCH = YES;
				COPY_PHASE_STRIP = NO;
				DEBUG_INFORMATION_FORMAT = dwarf;
				ENABLE_STRICT_OBJC_MSGSEND = YES;
				ENABLE_TESTABILITY = YES;
				ENABLE_USER_SCRIPT_SANDBOXING = YES;
				GCC_C_LANGUAGE_STANDARD = gnu17;
				GCC_DYNAMIC_NO_PIC = NO;
				GCC_NO_COMMON_BLOCKS = YES;
				GCC_OPTIMIZATION_LEVEL = 0;
				GCC_PREPROCESSOR_DEFINITIONS = (
					"DEBUG=1",
					"$(inherited)",
				);
				GCC_WARN_64_TO_32_BIT_CONVERSION = YES;
				GCC_WARN_ABOUT_RETURN_TYPE = YES_ERROR;
				GCC_WARN_UNDECLARED_SELECTOR = YES;
				GCC_WARN_UNINITIALIZED_AUTOS = YES_AGGRESSIVE;
				GCC_WARN_UNUSED_FUNCTION = YES;
				GCC_WARN_UNUSED_VARIABLE = YES;
				IPHONEOS_DEPLOYMENT_TARGET = 18.2;
				LOCALIZATION_PREFERS_STRING_CATALOGS = YES;
				MTL_ENABLE_DEBUG_INFO = INCLUDE_SOURCE;
				MTL_FAST_MATH = YES;
				ONLY_ACTIVE_ARCH = YES;
				SDKROOT = iphoneos;
				SWIFT_ACTIVE_COMPILATION_CONDITIONS = "DEBUG $(inherited)";
				SWIFT_OPTIMIZATION_LEVEL = "-Onone";
			};
			name = Debug;
		};
		899A379F2DCB1F48005588FF /* Release */ = {
			isa = XCBuildConfiguration;
			buildSettings = {
				ALWAYS_SEARCH_USER_PATHS = NO;
				ASSETCATALOG_COMPILER_GENERATE_SWIFT_ASSET_SYMBOL_EXTENSIONS = YES;
				CLANG_ANALYZER_NONNULL = YES;
				CLANG_ANALYZER_NUMBER_OBJECT_CONVERSION = YES_AGGRESSIVE;
				CLANG_CXX_LANGUAGE_STANDARD = "gnu++20";
				CLANG_ENABLE_MODULES = YES;
				CLANG_ENABLE_OBJC_ARC = YES;
				CLANG_ENABLE_OBJC_WEAK = YES;
				CLANG_WARN_BLOCK_CAPTURE_AUTORELEASING = YES;
				CLANG_WARN_BOOL_CONVERSION = YES;
				CLANG_WARN_COMMA = YES;
				CLANG_WARN_CONSTANT_CONVERSION = YES;
				CLANG_WARN_DEPRECATED_OBJC_IMPLEMENTATIONS = YES;
				CLANG_WARN_DIRECT_OBJC_ISA_USAGE = YES_ERROR;
				CLANG_WARN_DOCUMENTATION_COMMENTS = YES;
				CLANG_WARN_EMPTY_BODY = YES;
				CLANG_WARN_ENUM_CONVERSION = YES;
				CLANG_WARN_INFINITE_RECURSION = YES;
				CLANG_WARN_INT_CONVERSION = YES;
				CLANG_WARN_NON_LITERAL_NULL_CONVERSION = YES;
				CLANG_WARN_OBJC_IMPLICIT_RETAIN_SELF = YES;
				CLANG_WARN_OBJC_LITERAL_CONVERSION = YES;
				CLANG_WARN_OBJC_ROOT_CLASS = YES_ERROR;
				CLANG_WARN_QUOTED_INCLUDE_IN_FRAMEWORK_HEADER = YES;
				CLANG_WARN_RANGE_LOOP_ANALYSIS = YES;
				CLANG_WARN_STRICT_PROTOTYPES = YES;
				CLANG_WARN_SUSPICIOUS_MOVE = YES;
				CLANG_WARN_UNGUARDED_AVAILABILITY = YES_AGGRESSIVE;
				CLANG_WARN_UNREACHABLE_CODE = YES;
				CLANG_WARN__DUPLICATE_METHOD_MATCH = YES;
				COPY_PHASE_STRIP = NO;
				DEBUG_INFORMATION_FORMAT = "dwarf-with-dsym";
				ENABLE_NS_ASSERTIONS = NO;
				ENABLE_STRICT_OBJC_MSGSEND = YES;
				ENABLE_USER_SCRIPT_SANDBOXING = YES;
				GCC_C_LANGUAGE_STANDARD = gnu17;
				GCC_NO_COMMON_BLOCKS = YES;
				GCC_WARN_64_TO_32_BIT_CONVERSION = YES;
				GCC_WARN_ABOUT_RETURN_TYPE = YES_ERROR;
				GCC_WARN_UNDECLARED_SELECTOR = YES;
				GCC_WARN_UNINITIALIZED_AUTOS = YES_AGGRESSIVE;
				GCC_WARN_UNUSED_FUNCTION = YES;
				GCC_WARN_UNUSED_VARIABLE = YES;
				IPHONEOS_DEPLOYMENT_TARGET = 18.2;
				LOCALIZATION_PREFERS_STRING_CATALOGS = YES;
				MTL_ENABLE_DEBUG_INFO = NO;
				MTL_FAST_MATH = YES;
				SDKROOT = iphoneos;
				SWIFT_COMPILATION_MODE = wholemodule;
				VALIDATE_PRODUCT = YES;
			};
			name = Release;
		};
		899A37A12DCB1F48005588FF /* Debug */ = {
			isa = XCBuildConfiguration;
			buildSettings = {
				ASSETCATALOG_COMPILER_APPICON_NAME = AppIcon;
				ASSETCATALOG_COMPILER_GLOBAL_ACCENT_COLOR_NAME = AccentColor;
				CODE_SIGN_STYLE = Automatic;
				CURRENT_PROJECT_VERSION = 1;
				DEVELOPMENT_ASSET_PATHS = "\"chessmoveextractorc/Preview Content\"";
				DEVELOPMENT_TEAM = NU58FJ5WLH;
				ENABLE_PREVIEWS = YES;
				GENERATE_INFOPLIST_FILE = YES;
				INFOPLIST_FILE = chessmoveextractorc/Info.plist;
				INFOPLIST_KEY_NSCameraUsageDescription = "This app needs access to the camera to record chess games";
				INFOPLIST_KEY_NSMicrophoneUsageDescription = "This app needs access to the microphone to record audio during chess games";
				INFOPLIST_KEY_UIApplicationSceneManifest_Generation = YES;
				INFOPLIST_KEY_UIApplicationSupportsIndirectInputEvents = YES;
				INFOPLIST_KEY_UILaunchScreen_Generation = YES;
				INFOPLIST_KEY_UISupportedInterfaceOrientations_iPad = "UIInterfaceOrientationPortrait UIInterfaceOrientationPortraitUpsideDown UIInterfaceOrientationLandscapeLeft UIInterfaceOrientationLandscapeRight";
				INFOPLIST_KEY_UISupportedInterfaceOrientations_iPhone = "UIInterfaceOrientationPortrait UIInterfaceOrientationLandscapeLeft UIInterfaceOrientationLandscapeRight";
				LD_RUNPATH_SEARCH_PATHS = (
					"$(inherited)",
					"@executable_path/Frameworks",
				);
				MARKETING_VERSION = 1.0;
				PRODUCT_BUNDLE_IDENTIFIER = horatio.chessmoveextractorc;
				PRODUCT_NAME = "$(TARGET_NAME)";
				SWIFT_EMIT_LOC_STRINGS = YES;
				SWIFT_VERSION = 5.0;
				TARGETED_DEVICE_FAMILY = 1;
			};
			name = Debug;
		};
		899A37A22DCB1F48005588FF /* Release */ = {
			isa = XCBuildConfiguration;
			buildSettings = {
				ASSETCATALOG_COMPILER_APPICON_NAME = AppIcon;
				ASSETCATALOG_COMPILER_GLOBAL_ACCENT_COLOR_NAME = AccentColor;
				CODE_SIGN_STYLE = Automatic;
				CURRENT_PROJECT_VERSION = 1;
				DEVELOPMENT_ASSET_PATHS = "\"chessmoveextractorc/Preview Content\"";
				DEVELOPMENT_TEAM = NU58FJ5WLH;
				ENABLE_PREVIEWS = YES;
				GENERATE_INFOPLIST_FILE = YES;
				INFOPLIST_FILE = chessmoveextractorc/Info.plist;
				INFOPLIST_KEY_NSCameraUsageDescription = "This app needs access to the camera to record chess games";
				INFOPLIST_KEY_NSMicrophoneUsageDescription = "This app needs access to the microphone to record audio during chess games";
				INFOPLIST_KEY_UIApplicationSceneManifest_Generation = YES;
				INFOPLIST_KEY_UIApplicationSupportsIndirectInputEvents = YES;
				INFOPLIST_KEY_UILaunchScreen_Generation = YES;
				INFOPLIST_KEY_UISupportedInterfaceOrientations_iPad = "UIInterfaceOrientationPortrait UIInterfaceOrientationPortraitUpsideDown UIInterfaceOrientationLandscapeLeft UIInterfaceOrientationLandscapeRight";
				INFOPLIST_KEY_UISupportedInterfaceOrientations_iPhone = "UIInterfaceOrientationPortrait UIInterfaceOrientationLandscapeLeft UIInterfaceOrientationLandscapeRight";
				LD_RUNPATH_SEARCH_PATHS = (
					"$(inherited)",
					"@executable_path/Frameworks",
				);
				MARKETING_VERSION = 1.0;
				PRODUCT_BUNDLE_IDENTIFIER = horatio.chessmoveextractorc;
				PRODUCT_NAME = "$(TARGET_NAME)";
				SWIFT_EMIT_LOC_STRINGS = YES;
				SWIFT_VERSION = 5.0;
				TARGETED_DEVICE_FAMILY = 1;
			};
			name = Release;
		};
		899A37A42DCB1F48005588FF /* Debug */ = {
			isa = XCBuildConfiguration;
			buildSettings = {
				BUNDLE_LOADER = "$(TEST_HOST)";
				CODE_SIGN_STYLE = Automatic;
				CURRENT_PROJECT_VERSION = 1;
				DEVELOPMENT_TEAM = NU58FJ5WLH;
				GENERATE_INFOPLIST_FILE = YES;
				IPHONEOS_DEPLOYMENT_TARGET = 18.2;
				MARKETING_VERSION = 1.0;
				PRODUCT_BUNDLE_IDENTIFIER = horatio.chessmoveextractorcTests;
				PRODUCT_NAME = "$(TARGET_NAME)";
				SWIFT_EMIT_LOC_STRINGS = NO;
				SWIFT_VERSION = 5.0;
				TARGETED_DEVICE_FAMILY = "1,2";
				TEST_HOST = "$(BUILT_PRODUCTS_DIR)/chessmoveextractorc.app/$(BUNDLE_EXECUTABLE_FOLDER_PATH)/chessmoveextractorc";
			};
			name = Debug;
		};
		899A37A52DCB1F48005588FF /* Release */ = {
			isa = XCBuildConfiguration;
			buildSettings = {
				BUNDLE_LOADER = "$(TEST_HOST)";
				CODE_SIGN_STYLE = Automatic;
				CURRENT_PROJECT_VERSION = 1;
				DEVELOPMENT_TEAM = NU58FJ5WLH;
				GENERATE_INFOPLIST_FILE = YES;
				IPHONEOS_DEPLOYMENT_TARGET = 18.2;
				MARKETING_VERSION = 1.0;
				PRODUCT_BUNDLE_IDENTIFIER = horatio.chessmoveextractorcTests;
				PRODUCT_NAME = "$(TARGET_NAME)";
				SWIFT_EMIT_LOC_STRINGS = NO;
				SWIFT_VERSION = 5.0;
				TARGETED_DEVICE_FAMILY = "1,2";
				TEST_HOST = "$(BUILT_PRODUCTS_DIR)/chessmoveextractorc.app/$(BUNDLE_EXECUTABLE_FOLDER_PATH)/chessmoveextractorc";
			};
			name = Release;
		};
		899A37A72DCB1F48005588FF /* Debug */ = {
			isa = XCBuildConfiguration;
			buildSettings = {
				CODE_SIGN_STYLE = Automatic;
				CURRENT_PROJECT_VERSION = 1;
				DEVELOPMENT_TEAM = NU58FJ5WLH;
				GENERATE_INFOPLIST_FILE = YES;
				MARKETING_VERSION = 1.0;
				PRODUCT_BUNDLE_IDENTIFIER = horatio.chessmoveextractorcUITests;
				PRODUCT_NAME = "$(TARGET_NAME)";
				SWIFT_EMIT_LOC_STRINGS = NO;
				SWIFT_VERSION = 5.0;
				TARGETED_DEVICE_FAMILY = "1,2";
				TEST_TARGET_NAME = chessmoveextractorc;
			};
			name = Debug;
		};
		899A37A82DCB1F48005588FF /* Release */ = {
			isa = XCBuildConfiguration;
			buildSettings = {
				CODE_SIGN_STYLE = Automatic;
				CURRENT_PROJECT_VERSION = 1;
				DEVELOPMENT_TEAM = NU58FJ5WLH;
				GENERATE_INFOPLIST_FILE = YES;
				MARKETING_VERSION = 1.0;
				PRODUCT_BUNDLE_IDENTIFIER = horatio.chessmoveextractorcUITests;
				PRODUCT_NAME = "$(TARGET_NAME)";
				SWIFT_EMIT_LOC_STRINGS = NO;
				SWIFT_VERSION = 5.0;
				TARGETED_DEVICE_FAMILY = "1,2";
				TEST_TARGET_NAME = chessmoveextractorc;
			};
			name = Release;
		};
/* End XCBuildConfiguration section */

/* Begin XCConfigurationList section */
		899A37772DCB1F46005588FF /* Build configuration list for PBXProject "chessmoveextractorc" */ = {
			isa = XCConfigurationList;
			buildConfigurations = (
				899A379E2DCB1F48005588FF /* Debug */,
				899A379F2DCB1F48005588FF /* Release */,
			);
			defaultConfigurationIsVisible = 0;
			defaultConfigurationName = Release;
		};
		899A37A02DCB1F48005588FF /* Build configuration list for PBXNativeTarget "chessmoveextractorc" */ = {
			isa = XCConfigurationList;
			buildConfigurations = (
				899A37A12DCB1F48005588FF /* Debug */,
				899A37A22DCB1F48005588FF /* Release */,
			);
			defaultConfigurationIsVisible = 0;
			defaultConfigurationName = Release;
		};
		899A37A32DCB1F48005588FF /* Build configuration list for PBXNativeTarget "chessmoveextractorcTests" */ = {
			isa = XCConfigurationList;
			buildConfigurations = (
				899A37A42DCB1F48005588FF /* Debug */,
				899A37A52DCB1F48005588FF /* Release */,
			);
			defaultConfigurationIsVisible = 0;
			defaultConfigurationName = Release;
		};
		899A37A62DCB1F48005588FF /* Build configuration list for PBXNativeTarget "chessmoveextractorcUITests" */ = {
			isa = XCConfigurationList;
			buildConfigurations = (
				899A37A72DCB1F48005588FF /* Debug */,
				899A37A82DCB1F48005588FF /* Release */,
			);
			defaultConfigurationIsVisible = 0;
			defaultConfigurationName = Release;
		};
/* End XCConfigurationList section */
	};
	rootObject = 899A37742DCB1F46005588FF /* Project object */;
}
